
Microsoft Visual Studio Solution File, Format Version 12.00
# Visual Studio Version 16
VisualStudioVersion = 16.0.31613.86
MinimumVisualStudioVersion = 10.0.40219.1
Project("{FAE04EC0-301F-11D3-BF4B-00C04F79EFBC}") = "ConvertGridToReportExample", "ConvertGridToReportExample\ConvertGridToReportExample.csproj", "{477A7600-34D8-4179-9AA2-1E6E5C2A1823}"
EndProject
Global
	GlobalSection(SolutionConfigurationPlatforms) = preSolution
		Debug|Any CPU = Debug|Any CPU
		Release|Any CPU = Release|Any CPU
	EndGlobalSection
	GlobalSection(ProjectConfigurationPlatforms) = postSolution
		{477A7600-34D8-4179-9AA2-1E6E5C2A1823}.Debug|Any CPU.ActiveCfg = Debug|Any CPU
		{477A7600-34D8-4179-9AA2-1E6E5C2A1823}.Debug|Any CPU.Build.0 = Debug|Any CPU
		{477A7600-34D8-4179-9AA2-1E6E5C2A1823}.Release|Any CPU.ActiveCfg = Release|Any CPU
		{477A7600-34D8-4179-9AA2-1E6E5C2A1823}.Release|Any CPU.Build.0 = Release|Any CPU
	EndGlobalSection
	GlobalSection(SolutionProperties) = preSolution
		HideSolutionNode = FALSE
	EndGlobalSection
	GlobalSection(ExtensibilityGlobals) = postSolution
		SolutionGuid = {892E62C6-CB43-4278-9EF4-F229CC7DF578}
	EndGlobalSection
EndGlobal
